<?xml version="1.0" encoding="utf-8"?>
<Project ToolsVersion="4.0" xmlns="http://schemas.microsoft.com/developer/msbuild/2003">
  <ItemGroup>
    <Filter Include="Header Files">
      <UniqueIdentifier>{93995380-89BD-4b04-88EB-625FBE52EBFB}</UniqueIdentifier>
      <Extensions>h;hh;hpp;hxx;h++;hm;inl;inc;ipp;xsd</Extensions>
    </Filter>
    <Filter Include="Modules">
      <UniqueIdentifier>{bc1114f6-46b2-47ab-a244-0ec99a8cfc25}</UniqueIdentifier>
    </Filter>
    <Filter Include="main">
      <UniqueIdentifier>{d13fc138-cca0-4689-9f70-e9613720a784}</UniqueIdentifier>
    </Filter>
    <Filter Include="SampleTests">
      <UniqueIdentifier>{0ef819dd-955e-40b5-9bb1-ce81811b74a1}</UniqueIdentifier>
    </Filter>
  </ItemGroup>
  <ItemGroup>
    <ClCompile Include="modules\tdd20.ixx">
      <Filter>Modules</Filter>
    </ClCompile>
    <ClCompile Include="main\main.cpp">
      <Filter>main</Filter>
    </ClCompile>
    <ClCompile Include="SampleTests\SomeMoreTests.cpp">
      <Filter>SampleTests</Filter>
    </ClCompile>
    <ClCompile Include="SampleTests\SomeTests.cpp">
      <Filter>SampleTests</Filter>
    </ClCompile>
  </ItemGroup>
  <ItemGroup>
    <None Include="README.md" />
  </ItemGroup>
</Project>