<?xml version="1.0" encoding="utf-8"?>
<Project ToolsVersion="4.0" xmlns="http://schemas.microsoft.com/developer/msbuild/2003">
  <ItemGroup>
    <Filter Include="main">
      <UniqueIdentifier>{d13fc138-cca0-4689-9f70-e9613720a784}</UniqueIdentifier>
    </Filter>
    <Filter Include="tests">
      <UniqueIdentifier>{0ef819dd-955e-40b5-9bb1-ce81811b74a1}</UniqueIdentifier>
    </Filter>
    <Filter Include="module">
      <UniqueIdentifier>{3ba63d55-49df-486e-b772-e08e582e41ca}</UniqueIdentifier>
    </Filter>
  </ItemGroup>
  <ItemGroup>
    <ClCompile Include="main\main.cpp">
      <Filter>main</Filter>
    </ClCompile>
    <ClCompile Include="module\tdd20.ixx">
      <Filter>module</Filter>
    </ClCompile>
    <ClCompile Include="tests\SomeTests.cpp">
      <Filter>tests</Filter>
    </ClCompile>
    <ClCompile Include="tests\SomeMoreTests.cpp">
      <Filter>tests</Filter>
    </ClCompile>
  </ItemGroup>
  <ItemGroup>
    <None Include="README.md" />
  </ItemGroup>
</Project>